
Microsoft Visual Studio Solution File, Format Version 12.00
# Visual Studio Version 16
VisualStudioVersion = 16.0.32510.428
MinimumVisualStudioVersion = 10.0.40219.1
Project("{FAE04EC0-301F-11D3-BF4B-00C04F79EFBC}") = "WpfIoC", "WpfIoC.csproj", "{49633C0A-88CA-4FDA-A41A-F6DB04F330E1}"
EndProject
Global
	GlobalSection(SolutionConfigurationPlatforms) = preSolution
		Debug|Any CPU = Debug|Any CPU
		Release|Any CPU = Release|Any CPU
	EndGlobalSection
	GlobalSection(ProjectConfigurationPlatforms) = postSolution
		{49633C0A-88CA-4FDA-A41A-F6DB04F330E1}.Debug|Any CPU.ActiveCfg = Debug|Any CPU
		{49633C0A-88CA-4FDA-A41A-F6DB04F330E1}.Debug|Any CPU.Build.0 = Debug|Any CPU
		{49633C0A-88CA-4FDA-A41A-F6DB04F330E1}.Release|Any CPU.ActiveCfg = Release|Any CPU
		{49633C0A-88CA-4FDA-A41A-F6DB04F330E1}.Release|Any CPU.Build.0 = Release|Any CPU
	EndGlobalSection
	GlobalSection(SolutionProperties) = preSolution
		HideSolutionNode = FALSE
	EndGlobalSection
	GlobalSection(ExtensibilityGlobals) = postSolution
		SolutionGuid = {4084968C-331B-4F80-A51B-1303D07D4B29}
	EndGlobalSection
EndGlobal
